
Microsoft Visual Studio Solution File, Format Version 11.00
# Visual Studio 2010
Project("{FAE04EC0-301F-11D3-BF4B-00C04F79EFBC}") = "2D_Space_shooter", "Assembly-CSharp.csproj", "{EE843E67-FCDB-80E8-43DF-4B49741477BE}"
EndProject
Global
	GlobalSection(SolutionConfigurationPlatforms) = preSolution
		Debug|Any CPU = Debug|Any CPU
		Release|Any CPU = Release|Any CPU
	EndGlobalSection
	GlobalSection(ProjectConfigurationPlatforms) = postSolution
		{EE843E67-FCDB-80E8-43DF-4B49741477BE}.Debug|Any CPU.ActiveCfg = Debug|Any CPU
		{EE843E67-FCDB-80E8-43DF-4B49741477BE}.Debug|Any CPU.Build.0 = Debug|Any CPU
		{EE843E67-FCDB-80E8-43DF-4B49741477BE}.Release|Any CPU.ActiveCfg = Release|Any CPU
		{EE843E67-FCDB-80E8-43DF-4B49741477BE}.Release|Any CPU.Build.0 = Release|Any CPU
	EndGlobalSection
	GlobalSection(SolutionProperties) = preSolution
		HideSolutionNode = FALSE
	EndGlobalSection
	GlobalSection(MonoDevelopProperties) = preSolution
		StartupItem = Assembly-CSharp.csproj
	EndGlobalSection
EndGlobal
